
Microsoft Visual Studio Solution File, Format Version 12.00
# Visual Studio 15
VisualStudioVersion = 15.0.27130.2036
MinimumVisualStudioVersion = 15.0.26124.0
Project("{9A19103F-16F7-4668-BE54-9A1E7A4F7556}") = "CoreAPM.NET.Agent", "CoreAPM.NET.Agent\CoreAPM.NET.Agent.csproj", "{0D949293-F311-4545-AD7F-C522DFBC506C}"
EndProject
Project("{9A19103F-16F7-4668-BE54-9A1E7A4F7556}") = "CoreAPM.NET.Agent.Tests", "CoreAPM.NET.Agent.Tests\CoreAPM.NET.Agent.Tests.csproj", "{D3A6D673-565F-42E8-883B-88F824171FE1}"
EndProject
Project("{9A19103F-16F7-4668-BE54-9A1E7A4F7556}") = "CoreAPM.NET.CoreMiddleware", "CoreAPM.NET.CoreMiddleware\CoreAPM.NET.CoreMiddleware.csproj", "{9486903C-3EDD-4F3B-BF56-DCD5DC65E1DD}"
EndProject
Project("{9A19103F-16F7-4668-BE54-9A1E7A4F7556}") = "CoreAPM.NET.CoreMiddleware.Tests", "CoreAPM.NET.CoreMiddleware.Tests\CoreAPM.NET.CoreMiddleware.Tests.csproj", "{022D5FF6-6D11-48E0-A470-6C431B9608DD}"
EndProject
Project("{9A19103F-16F7-4668-BE54-9A1E7A4F7556}") = "CoreAPM.NET.TestApp", "CoreAPM.NET.TestApp\CoreAPM.NET.TestApp.csproj", "{F38F8C44-417F-4D74-82FB-A38B2BAD60F4}"
EndProject
Global
	GlobalSection(SolutionConfigurationPlatforms) = preSolution
		Debug|Any CPU = Debug|Any CPU
		Release|Any CPU = Release|Any CPU
	EndGlobalSection
	GlobalSection(ProjectConfigurationPlatforms) = postSolution
		{0D949293-F311-4545-AD7F-C522DFBC506C}.Debug|Any CPU.ActiveCfg = Debug|Any CPU
		{0D949293-F311-4545-AD7F-C522DFBC506C}.Debug|Any CPU.Build.0 = Debug|Any CPU
		{0D949293-F311-4545-AD7F-C522DFBC506C}.Release|Any CPU.ActiveCfg = Release|Any CPU
		{0D949293-F311-4545-AD7F-C522DFBC506C}.Release|Any CPU.Build.0 = Release|Any CPU
		{D3A6D673-565F-42E8-883B-88F824171FE1}.Debug|Any CPU.ActiveCfg = Debug|Any CPU
		{D3A6D673-565F-42E8-883B-88F824171FE1}.Debug|Any CPU.Build.0 = Debug|Any CPU
		{D3A6D673-565F-42E8-883B-88F824171FE1}.Release|Any CPU.ActiveCfg = Release|Any CPU
		{D3A6D673-565F-42E8-883B-88F824171FE1}.Release|Any CPU.Build.0 = Release|Any CPU
		{9486903C-3EDD-4F3B-BF56-DCD5DC65E1DD}.Debug|Any CPU.ActiveCfg = Debug|Any CPU
		{9486903C-3EDD-4F3B-BF56-DCD5DC65E1DD}.Debug|Any CPU.Build.0 = Debug|Any CPU
		{9486903C-3EDD-4F3B-BF56-DCD5DC65E1DD}.Release|Any CPU.ActiveCfg = Release|Any CPU
		{9486903C-3EDD-4F3B-BF56-DCD5DC65E1DD}.Release|Any CPU.Build.0 = Release|Any CPU
		{022D5FF6-6D11-48E0-A470-6C431B9608DD}.Debug|Any CPU.ActiveCfg = Debug|Any CPU
		{022D5FF6-6D11-48E0-A470-6C431B9608DD}.Debug|Any CPU.Build.0 = Debug|Any CPU
		{022D5FF6-6D11-48E0-A470-6C431B9608DD}.Release|Any CPU.ActiveCfg = Release|Any CPU
		{022D5FF6-6D11-48E0-A470-6C431B9608DD}.Release|Any CPU.Build.0 = Release|Any CPU
		{F38F8C44-417F-4D74-82FB-A38B2BAD60F4}.Debug|Any CPU.ActiveCfg = Debug|Any CPU
		{F38F8C44-417F-4D74-82FB-A38B2BAD60F4}.Debug|Any CPU.Build.0 = Debug|Any CPU
		{F38F8C44-417F-4D74-82FB-A38B2BAD60F4}.Release|Any CPU.ActiveCfg = Release|Any CPU
		{F38F8C44-417F-4D74-82FB-A38B2BAD60F4}.Release|Any CPU.Build.0 = Release|Any CPU
	EndGlobalSection
	GlobalSection(SolutionProperties) = preSolution
		HideSolutionNode = FALSE
	EndGlobalSection
	GlobalSection(ExtensibilityGlobals) = postSolution
		SolutionGuid = {43FB473E-CCEF-4333-A0CB-637201C5F2B3}
	EndGlobalSection
EndGlobal
